
Microsoft Visual Studio Solution File, Format Version 12.00
# Visual Studio 2013
VisualStudioVersion = 12.0.0.0
MinimumVisualStudioVersion = 10.0.0.1
Project("{FAE04EC0-301F-11D3-BF4B-00C04F79EFBC}") = "ConsoleApplication_MobileOperator", "ConsoleApplication-MobileOperator.csproj", "{D3518095-8DDA-4B6D-BB01-4E8AF412E65B}"
EndProject
Global
	GlobalSection(SolutionConfigurationPlatforms) = preSolution
		Debug|Any CPU = Debug|Any CPU
		Release|Any CPU = Release|Any CPU
	EndGlobalSection
	GlobalSection(ProjectConfigurationPlatforms) = postSolution
		{D3518095-8DDA-4B6D-BB01-4E8AF412E65B}.Debug|Any CPU.ActiveCfg = Debug|Any CPU
		{D3518095-8DDA-4B6D-BB01-4E8AF412E65B}.Debug|Any CPU.Build.0 = Debug|Any CPU
		{D3518095-8DDA-4B6D-BB01-4E8AF412E65B}.Release|Any CPU.ActiveCfg = Release|Any CPU
		{D3518095-8DDA-4B6D-BB01-4E8AF412E65B}.Release|Any CPU.Build.0 = Release|Any CPU
	EndGlobalSection
	GlobalSection(SolutionProperties) = preSolution
		HideSolutionNode = FALSE
	EndGlobalSection
EndGlobal
